// !$*UTF8*$!
{
	archiveVersion = 1;
	classes = {
	};
	objectVersion = 50;
	objects = {

/* Begin PBXBuildFile section */
		1E03080024624A8F007F0824 /* AboutFunction2.storyboard in Resources */ = {isa = PBXBuildFile; fileRef = 1E0307FF24624A8F007F0824 /* AboutFunction2.storyboard */; };
		1E03080224624A99007F0824 /* AboutFunction2ViewController.swift in Sources */ = {isa = PBXBuildFile; fileRef = 1E03080124624A99007F0824 /* AboutFunction2ViewController.swift */; };
		1E1B9594246430C500EF6C5C /* Renshu1.storyboard in Resources */ = {isa = PBXBuildFile; fileRef = 1E1B9593246430C500EF6C5C /* Renshu1.storyboard */; };
		1E1B9596246430D400EF6C5C /* Renshu1ViewController.swift in Sources */ = {isa = PBXBuildFile; fileRef = 1E1B9595246430D400EF6C5C /* Renshu1ViewController.swift */; };
		1E35A22024778E4B00F26B2D /* AboutSegue.storyboard in Resources */ = {isa = PBXBuildFile; fileRef = 1E35A21F24778E4B00F26B2D /* AboutSegue.storyboard */; };
		1E35A22224778E5600F26B2D /* AboutSegueViewController.swift in Sources */ = {isa = PBXBuildFile; fileRef = 1E35A22124778E5600F26B2D /* AboutSegueViewController.swift */; };
		1E35A22424778FFF00F26B2D /* AboutSegueNextViewController.swift in Sources */ = {isa = PBXBuildFile; fileRef = 1E35A22324778FFF00F26B2D /* AboutSegueNextViewController.swift */; };
		1E48E59C24637BDB005DA816 /* AboutFunction3.storyboard in Resources */ = {isa = PBXBuildFile; fileRef = 1E48E59B24637BDB005DA816 /* AboutFunction3.storyboard */; };
		1E48E59E24637BEE005DA816 /* AboutFunction3ViewController.swift in Sources */ = {isa = PBXBuildFile; fileRef = 1E48E59D24637BEE005DA816 /* AboutFunction3ViewController.swift */; };
		1E5242832467F8F1008A5B03 /* Renshu2.storyboard in Resources */ = {isa = PBXBuildFile; fileRef = 1E5242822467F8F1008A5B03 /* Renshu2.storyboard */; };
		1E5242852467FAAB008A5B03 /* Renshu2ViewController.swift in Sources */ = {isa = PBXBuildFile; fileRef = 1E5242842467FAAB008A5B03 /* Renshu2ViewController.swift */; };
		1E868D66245E5C2E001B183B /* AppClassViewController.swift in Sources */ = {isa = PBXBuildFile; fileRef = 1E868D64245E5C2E001B183B /* AppClassViewController.swift */; };
		1E868D67245E5C2E001B183B /* AboutClass.storyboard in Resources */ = {isa = PBXBuildFile; fileRef = 1E868D65245E5C2E001B183B /* AboutClass.storyboard */; };
		1E91CCFC245BC2F500CBD37B /* AppDelegate.swift in Sources */ = {isa = PBXBuildFile; fileRef = 1E91CCFB245BC2F500CBD37B /* AppDelegate.swift */; };
		1E91CCFE245BC2F500CBD37B /* TopViewController.swift in Sources */ = {isa = PBXBuildFile; fileRef = 1E91CCFD245BC2F500CBD37B /* TopViewController.swift */; };
		1E91CD01245BC2F500CBD37B /* Main.storyboard in Resources */ = {isa = PBXBuildFile; fileRef = 1E91CCFF245BC2F500CBD37B /* Main.storyboard */; };
		1E91CD03245BC2F700CBD37B /* Assets.xcassets in Resources */ = {isa = PBXBuildFile; fileRef = 1E91CD02245BC2F700CBD37B /* Assets.xcassets */; };
		1E91CD06245BC2F700CBD37B /* LaunchScreen.storyboard in Resources */ = {isa = PBXBuildFile; fileRef = 1E91CD04245BC2F700CBD37B /* LaunchScreen.storyboard */; };
		1E91CD11245BC2F700CBD37B /* SampleSource2020Tests.swift in Sources */ = {isa = PBXBuildFile; fileRef = 1E91CD10245BC2F700CBD37B /* SampleSource2020Tests.swift */; };
		1E91CD1C245BC2F700CBD37B /* SampleSource2020UITests.swift in Sources */ = {isa = PBXBuildFile; fileRef = 1E91CD1B245BC2F700CBD37B /* SampleSource2020UITests.swift */; };
		1E999C23245D405C00E545E8 /* TopTableViewCell.swift in Sources */ = {isa = PBXBuildFile; fileRef = 1E999C22245D405C00E545E8 /* TopTableViewCell.swift */; };
		1E999C25245D414700E545E8 /* Top.storyboard in Resources */ = {isa = PBXBuildFile; fileRef = 1E999C24245D414700E545E8 /* Top.storyboard */; };
		1EB411AB245D49DE003A13EF /* AboutButton.storyboard in Resources */ = {isa = PBXBuildFile; fileRef = 1EB411AA245D49DE003A13EF /* AboutButton.storyboard */; };
		1EB411AD245D4A1B003A13EF /* AboutButtonViewController.swift in Sources */ = {isa = PBXBuildFile; fileRef = 1EB411AC245D4A1B003A13EF /* AboutButtonViewController.swift */; };
		1EBA5CC72460242800C8FB5B /* AboutDatePicker.storyboard in Resources */ = {isa = PBXBuildFile; fileRef = 1EBA5CC62460242800C8FB5B /* AboutDatePicker.storyboard */; };
		1EBA5CC92460243800C8FB5B /* AboutDatePickerViewController.swift in Sources */ = {isa = PBXBuildFile; fileRef = 1EBA5CC82460243800C8FB5B /* AboutDatePickerViewController.swift */; };
		1ED6024F2469483600E85CAB /* AboutSection1.storyboard in Resources */ = {isa = PBXBuildFile; fileRef = 1ED6024E2469483600E85CAB /* AboutSection1.storyboard */; };
		1ED602512469484500E85CAB /* AboutSection1ViewController.swift in Sources */ = {isa = PBXBuildFile; fileRef = 1ED602502469484500E85CAB /* AboutSection1ViewController.swift */; };
		1ED60254246B8CFD00E85CAB /* AboutDictionary.storyboard in Resources */ = {isa = PBXBuildFile; fileRef = 1ED60253246B8CFD00E85CAB /* AboutDictionary.storyboard */; };
		1ED60256246B8D0500E85CAB /* AboutDictionaryViewController.swift in Sources */ = {isa = PBXBuildFile; fileRef = 1ED60255246B8D0500E85CAB /* AboutDictionaryViewController.swift */; };
		1ED60259246BD31200E85CAB /* Renshu3.storyboard in Resources */ = {isa = PBXBuildFile; fileRef = 1ED60258246BD31200E85CAB /* Renshu3.storyboard */; };
		1ED6025B246BD33100E85CAB /* Renshu3ViewController.swift in Sources */ = {isa = PBXBuildFile; fileRef = 1ED6025A246BD33100E85CAB /* Renshu3ViewController.swift */; };
		1EDFC0AE2471683200D2E96B /* Magazines.storyboard in Resources */ = {isa = PBXBuildFile; fileRef = 1EDFC0AD2471683200D2E96B /* Magazines.storyboard */; };
		1EDFC0B02471685700D2E96B /* MagazinesViewController.swift in Sources */ = {isa = PBXBuildFile; fileRef = 1EDFC0AF2471685700D2E96B /* MagazinesViewController.swift */; };
		1EFD4F6F2461022E004ED092 /* AboutFunction.storyboard in Resources */ = {isa = PBXBuildFile; fileRef = 1EFD4F6E2461022E004ED092 /* AboutFunction.storyboard */; };
		1EFD4F7124610240004ED092 /* AboutFunctionViewController.swift in Sources */ = {isa = PBXBuildFile; fileRef = 1EFD4F7024610240004ED092 /* AboutFunctionViewController.swift */; };
		653E4DB8246AA30000F6D0AE /* AboutSection2ViewController.swift in Sources */ = {isa = PBXBuildFile; fileRef = 653E4DB7246AA30000F6D0AE /* AboutSection2ViewController.swift */; };
		653E4DBA246AA32300F6D0AE /* AboutSection2.storyboard in Resources */ = {isa = PBXBuildFile; fileRef = 653E4DB9246AA32300F6D0AE /* AboutSection2.storyboard */; };
		65CBA965246E9974009684AC /* Renshu3TableViewCell.swift in Sources */ = {isa = PBXBuildFile; fileRef = 65CBA964246E9974009684AC /* Renshu3TableViewCell.swift */; };
		65CBA9672472434B009684AC /* MagazinesTableViewCell.swift in Sources */ = {isa = PBXBuildFile; fileRef = 65CBA9662472434B009684AC /* MagazinesTableViewCell.swift */; };
		65CBA96924725931009684AC /* MagazineHeaderTableViewCell.swift in Sources */ = {isa = PBXBuildFile; fileRef = 65CBA96824725931009684AC /* MagazineHeaderTableViewCell.swift */; };
		65CBA96E2473D92E009684AC /* MagazinesViewController2.swift in Sources */ = {isa = PBXBuildFile; fileRef = 65CBA96D2473D92E009684AC /* MagazinesViewController2.swift */; };
		65CBA9702473D984009684AC /* MagazinesTableViewCell2.swift in Sources */ = {isa = PBXBuildFile; fileRef = 65CBA96F2473D984009684AC /* MagazinesTableViewCell2.swift */; };
		65CBA9722473D9BD009684AC /* MagazinesHeaderTableViewCell2.swift in Sources */ = {isa = PBXBuildFile; fileRef = 65CBA9712473D9BD009684AC /* MagazinesHeaderTableViewCell2.swift */; };
		65CBA9742473D9FF009684AC /* Magazines2.storyboard in Resources */ = {isa = PBXBuildFile; fileRef = 65CBA9732473D9FF009684AC /* Magazines2.storyboard */; };
		65CBA97624768629009684AC /* WebViewController.swift in Sources */ = {isa = PBXBuildFile; fileRef = 65CBA97524768629009684AC /* WebViewController.swift */; };
		65CBA9792477A8B1009684AC /* Ryodan.storyboard in Resources */ = {isa = PBXBuildFile; fileRef = 65CBA9782477A8B1009684AC /* Ryodan.storyboard */; };
		65CBA97B2477A8FB009684AC /* KumoViewController.swift in Sources */ = {isa = PBXBuildFile; fileRef = 65CBA97A2477A8FB009684AC /* KumoViewController.swift */; };
		65CBA97D2477A91F009684AC /* DaninViewController.swift in Sources */ = {isa = PBXBuildFile; fileRef = 65CBA97C2477A91F009684AC /* DaninViewController.swift */; };
/* End PBXBuildFile section */

/* Begin PBXContainerItemProxy section */
		1E91CD0D245BC2F700CBD37B /* PBXContainerItemProxy */ = {
			isa = PBXContainerItemProxy;
			containerPortal = 1E91CCF0245BC2F500CBD37B /* Project object */;
			proxyType = 1;
			remoteGlobalIDString = 1E91CCF7245BC2F500CBD37B;
			remoteInfo = SampleSource2020;
		};
		1E91CD18245BC2F700CBD37B /* PBXContainerItemProxy */ = {
			isa = PBXContainerItemProxy;
			containerPortal = 1E91CCF0245BC2F500CBD37B /* Project object */;
			proxyType = 1;
			remoteGlobalIDString = 1E91CCF7245BC2F500CBD37B;
			remoteInfo = SampleSource2020;
		};
/* End PBXContainerItemProxy section */

/* Begin PBXFileReference section */
		1E0307FF24624A8F007F0824 /* AboutFunction2.storyboard */ = {isa = PBXFileReference; lastKnownFileType = file.storyboard; path = AboutFunction2.storyboard; sourceTree = "<group>"; };
		1E03080124624A99007F0824 /* AboutFunction2ViewController.swift */ = {isa = PBXFileReference; lastKnownFileType = sourcecode.swift; path = AboutFunction2ViewController.swift; sourceTree = "<group>"; };
		1E1B9593246430C500EF6C5C /* Renshu1.storyboard */ = {isa = PBXFileReference; lastKnownFileType = file.storyboard; path = Renshu1.storyboard; sourceTree = "<group>"; };
		1E1B9595246430D400EF6C5C /* Renshu1ViewController.swift */ = {isa = PBXFileReference; lastKnownFileType = sourcecode.swift; path = Renshu1ViewController.swift; sourceTree = "<group>"; };
		1E35A21F24778E4B00F26B2D /* AboutSegue.storyboard */ = {isa = PBXFileReference; lastKnownFileType = file.storyboard; path = AboutSegue.storyboard; sourceTree = "<group>"; };
		1E35A22124778E5600F26B2D /* AboutSegueViewController.swift */ = {isa = PBXFileReference; lastKnownFileType = sourcecode.swift; path = AboutSegueViewController.swift; sourceTree = "<group>"; };
		1E35A22324778FFF00F26B2D /* AboutSegueNextViewController.swift */ = {isa = PBXFileReference; lastKnownFileType = sourcecode.swift; path = AboutSegueNextViewController.swift; sourceTree = "<group>"; };
		1E48E59B24637BDB005DA816 /* AboutFunction3.storyboard */ = {isa = PBXFileReference; lastKnownFileType = file.storyboard; path = AboutFunction3.storyboard; sourceTree = "<group>"; };
		1E48E59D24637BEE005DA816 /* AboutFunction3ViewController.swift */ = {isa = PBXFileReference; lastKnownFileType = sourcecode.swift; path = AboutFunction3ViewController.swift; sourceTree = "<group>"; };
		1E5242822467F8F1008A5B03 /* Renshu2.storyboard */ = {isa = PBXFileReference; lastKnownFileType = file.storyboard; path = Renshu2.storyboard; sourceTree = "<group>"; };
		1E5242842467FAAB008A5B03 /* Renshu2ViewController.swift */ = {isa = PBXFileReference; lastKnownFileType = sourcecode.swift; path = Renshu2ViewController.swift; sourceTree = "<group>"; };
		1E868D64245E5C2E001B183B /* AppClassViewController.swift */ = {isa = PBXFileReference; fileEncoding = 4; lastKnownFileType = sourcecode.swift; path = AppClassViewController.swift; sourceTree = "<group>"; };
		1E868D65245E5C2E001B183B /* AboutClass.storyboard */ = {isa = PBXFileReference; fileEncoding = 4; lastKnownFileType = file.storyboard; path = AboutClass.storyboard; sourceTree = "<group>"; };
		1E91CCF8245BC2F500CBD37B /* SampleSource2020.app */ = {isa = PBXFileReference; explicitFileType = wrapper.application; includeInIndex = 0; path = SampleSource2020.app; sourceTree = BUILT_PRODUCTS_DIR; };
		1E91CCFB245BC2F500CBD37B /* AppDelegate.swift */ = {isa = PBXFileReference; lastKnownFileType = sourcecode.swift; path = AppDelegate.swift; sourceTree = "<group>"; };
		1E91CCFD245BC2F500CBD37B /* TopViewController.swift */ = {isa = PBXFileReference; lastKnownFileType = sourcecode.swift; path = TopViewController.swift; sourceTree = "<group>"; };
		1E91CD00245BC2F500CBD37B /* Base */ = {isa = PBXFileReference; lastKnownFileType = file.storyboard; name = Base; path = Base.lproj/Main.storyboard; sourceTree = "<group>"; };
		1E91CD02245BC2F700CBD37B /* Assets.xcassets */ = {isa = PBXFileReference; lastKnownFileType = folder.assetcatalog; path = Assets.xcassets; sourceTree = "<group>"; };
		1E91CD05245BC2F700CBD37B /* Base */ = {isa = PBXFileReference; lastKnownFileType = file.storyboard; name = Base; path = Base.lproj/LaunchScreen.storyboard; sourceTree = "<group>"; };
		1E91CD07245BC2F700CBD37B /* Info.plist */ = {isa = PBXFileReference; lastKnownFileType = text.plist.xml; path = Info.plist; sourceTree = "<group>"; };
		1E91CD0C245BC2F700CBD37B /* SampleSource2020Tests.xctest */ = {isa = PBXFileReference; explicitFileType = wrapper.cfbundle; includeInIndex = 0; path = SampleSource2020Tests.xctest; sourceTree = BUILT_PRODUCTS_DIR; };
		1E91CD10245BC2F700CBD37B /* SampleSource2020Tests.swift */ = {isa = PBXFileReference; lastKnownFileType = sourcecode.swift; path = SampleSource2020Tests.swift; sourceTree = "<group>"; };
		1E91CD12245BC2F700CBD37B /* Info.plist */ = {isa = PBXFileReference; lastKnownFileType = text.plist.xml; path = Info.plist; sourceTree = "<group>"; };
		1E91CD17245BC2F700CBD37B /* SampleSource2020UITests.xctest */ = {isa = PBXFileReference; explicitFileType = wrapper.cfbundle; includeInIndex = 0; path = SampleSource2020UITests.xctest; sourceTree = BUILT_PRODUCTS_DIR; };
		1E91CD1B245BC2F700CBD37B /* SampleSource2020UITests.swift */ = {isa = PBXFileReference; lastKnownFileType = sourcecode.swift; path = SampleSource2020UITests.swift; sourceTree = "<group>"; };
		1E91CD1D245BC2F700CBD37B /* Info.plist */ = {isa = PBXFileReference; lastKnownFileType = text.plist.xml; path = Info.plist; sourceTree = "<group>"; };
		1E999C22245D405C00E545E8 /* TopTableViewCell.swift */ = {isa = PBXFileReference; lastKnownFileType = sourcecode.swift; path = TopTableViewCell.swift; sourceTree = "<group>"; };
		1E999C24245D414700E545E8 /* Top.storyboard */ = {isa = PBXFileReference; lastKnownFileType = file.storyboard; path = Top.storyboard; sourceTree = "<group>"; };
		1EB411AA245D49DE003A13EF /* AboutButton.storyboard */ = {isa = PBXFileReference; lastKnownFileType = file.storyboard; path = AboutButton.storyboard; sourceTree = "<group>"; };
		1EB411AC245D4A1B003A13EF /* AboutButtonViewController.swift */ = {isa = PBXFileReference; lastKnownFileType = sourcecode.swift; path = AboutButtonViewController.swift; sourceTree = "<group>"; };
		1EBA5CC62460242800C8FB5B /* AboutDatePicker.storyboard */ = {isa = PBXFileReference; lastKnownFileType = file.storyboard; path = AboutDatePicker.storyboard; sourceTree = "<group>"; };
		1EBA5CC82460243800C8FB5B /* AboutDatePickerViewController.swift */ = {isa = PBXFileReference; lastKnownFileType = sourcecode.swift; path = AboutDatePickerViewController.swift; sourceTree = "<group>"; };
		1ED6024E2469483600E85CAB /* AboutSection1.storyboard */ = {isa = PBXFileReference; lastKnownFileType = file.storyboard; path = AboutSection1.storyboard; sourceTree = "<group>"; };
		1ED602502469484500E85CAB /* AboutSection1ViewController.swift */ = {isa = PBXFileReference; lastKnownFileType = sourcecode.swift; path = AboutSection1ViewController.swift; sourceTree = "<group>"; };
		1ED60253246B8CFD00E85CAB /* AboutDictionary.storyboard */ = {isa = PBXFileReference; lastKnownFileType = file.storyboard; path = AboutDictionary.storyboard; sourceTree = "<group>"; };
		1ED60255246B8D0500E85CAB /* AboutDictionaryViewController.swift */ = {isa = PBXFileReference; lastKnownFileType = sourcecode.swift; path = AboutDictionaryViewController.swift; sourceTree = "<group>"; };
		1ED60258246BD31200E85CAB /* Renshu3.storyboard */ = {isa = PBXFileReference; lastKnownFileType = file.storyboard; path = Renshu3.storyboard; sourceTree = "<group>"; };
		1ED6025A246BD33100E85CAB /* Renshu3ViewController.swift */ = {isa = PBXFileReference; lastKnownFileType = sourcecode.swift; path = Renshu3ViewController.swift; sourceTree = "<group>"; };
		1EDFC0AD2471683200D2E96B /* Magazines.storyboard */ = {isa = PBXFileReference; lastKnownFileType = file.storyboard; path = Magazines.storyboard; sourceTree = "<group>"; };
		1EDFC0AF2471685700D2E96B /* MagazinesViewController.swift */ = {isa = PBXFileReference; lastKnownFileType = sourcecode.swift; path = MagazinesViewController.swift; sourceTree = "<group>"; };
		1EFD4F6E2461022E004ED092 /* AboutFunction.storyboard */ = {isa = PBXFileReference; lastKnownFileType = file.storyboard; path = AboutFunction.storyboard; sourceTree = "<group>"; };
		1EFD4F7024610240004ED092 /* AboutFunctionViewController.swift */ = {isa = PBXFileReference; lastKnownFileType = sourcecode.swift; path = AboutFunctionViewController.swift; sourceTree = "<group>"; };
		653E4DB7246AA30000F6D0AE /* AboutSection2ViewController.swift */ = {isa = PBXFileReference; lastKnownFileType = sourcecode.swift; path = AboutSection2ViewController.swift; sourceTree = "<group>"; };
		653E4DB9246AA32300F6D0AE /* AboutSection2.storyboard */ = {isa = PBXFileReference; lastKnownFileType = file.storyboard; path = AboutSection2.storyboard; sourceTree = "<group>"; };
		65CBA964246E9974009684AC /* Renshu3TableViewCell.swift */ = {isa = PBXFileReference; lastKnownFileType = sourcecode.swift; path = Renshu3TableViewCell.swift; sourceTree = "<group>"; };
		65CBA9662472434B009684AC /* MagazinesTableViewCell.swift */ = {isa = PBXFileReference; lastKnownFileType = sourcecode.swift; path = MagazinesTableViewCell.swift; sourceTree = "<group>"; };
		65CBA96824725931009684AC /* MagazineHeaderTableViewCell.swift */ = {isa = PBXFileReference; lastKnownFileType = sourcecode.swift; path = MagazineHeaderTableViewCell.swift; sourceTree = "<group>"; };
		65CBA96D2473D92E009684AC /* MagazinesViewController2.swift */ = {isa = PBXFileReference; lastKnownFileType = sourcecode.swift; path = MagazinesViewController2.swift; sourceTree = "<group>"; };
		65CBA96F2473D984009684AC /* MagazinesTableViewCell2.swift */ = {isa = PBXFileReference; lastKnownFileType = sourcecode.swift; path = MagazinesTableViewCell2.swift; sourceTree = "<group>"; };
		65CBA9712473D9BD009684AC /* MagazinesHeaderTableViewCell2.swift */ = {isa = PBXFileReference; lastKnownFileType = sourcecode.swift; path = MagazinesHeaderTableViewCell2.swift; sourceTree = "<group>"; };
		65CBA9732473D9FF009684AC /* Magazines2.storyboard */ = {isa = PBXFileReference; lastKnownFileType = file.storyboard; path = Magazines2.storyboard; sourceTree = "<group>"; };
		65CBA97524768629009684AC /* WebViewController.swift */ = {isa = PBXFileReference; lastKnownFileType = sourcecode.swift; path = WebViewController.swift; sourceTree = "<group>"; };
		65CBA9782477A8B1009684AC /* Ryodan.storyboard */ = {isa = PBXFileReference; lastKnownFileType = file.storyboard; path = Ryodan.storyboard; sourceTree = "<group>"; };
		65CBA97A2477A8FB009684AC /* KumoViewController.swift */ = {isa = PBXFileReference; lastKnownFileType = sourcecode.swift; path = KumoViewController.swift; sourceTree = "<group>"; };
		65CBA97C2477A91F009684AC /* DaninViewController.swift */ = {isa = PBXFileReference; lastKnownFileType = sourcecode.swift; path = DaninViewController.swift; sourceTree = "<group>"; };
/* End PBXFileReference section */

/* Begin PBXFrameworksBuildPhase section */
		1E91CCF5245BC2F500CBD37B /* Frameworks */ = {
			isa = PBXFrameworksBuildPhase;
			buildActionMask = 2147483647;
			files = (
			);
			runOnlyForDeploymentPostprocessing = 0;
		};
		1E91CD09245BC2F700CBD37B /* Frameworks */ = {
			isa = PBXFrameworksBuildPhase;
			buildActionMask = 2147483647;
			files = (
			);
			runOnlyForDeploymentPostprocessing = 0;
		};
		1E91CD14245BC2F700CBD37B /* Frameworks */ = {
			isa = PBXFrameworksBuildPhase;
			buildActionMask = 2147483647;
			files = (
			);
			runOnlyForDeploymentPostprocessing = 0;
		};
/* End PBXFrameworksBuildPhase section */

/* Begin PBXGroup section */
		1E0307FE24624A7D007F0824 /* AboutFunction2 */ = {
			isa = PBXGroup;
			children = (
				1E0307FF24624A8F007F0824 /* AboutFunction2.storyboard */,
				1E03080124624A99007F0824 /* AboutFunction2ViewController.swift */,
			);
			path = AboutFunction2;
			sourceTree = "<group>";
		};
		1E1B9592246430AC00EF6C5C /* Renshu1 */ = {
			isa = PBXGroup;
			children = (
				1E1B9593246430C500EF6C5C /* Renshu1.storyboard */,
				1E1B9595246430D400EF6C5C /* Renshu1ViewController.swift */,
			);
			path = Renshu1;
			sourceTree = "<group>";
		};
		1E35A21E24778E3A00F26B2D /* AboutSegue */ = {
			isa = PBXGroup;
			children = (
				1E35A21F24778E4B00F26B2D /* AboutSegue.storyboard */,
				1E35A22124778E5600F26B2D /* AboutSegueViewController.swift */,
				1E35A22324778FFF00F26B2D /* AboutSegueNextViewController.swift */,
			);
			path = AboutSegue;
			sourceTree = "<group>";
		};
		1E48E59A24637BC9005DA816 /* AboutFunction3 */ = {
			isa = PBXGroup;
			children = (
				1E48E59B24637BDB005DA816 /* AboutFunction3.storyboard */,
				1E48E59D24637BEE005DA816 /* AboutFunction3ViewController.swift */,
			);
			path = AboutFunction3;
			sourceTree = "<group>";
		};
		1E5242812467F8DD008A5B03 /* Renshu2 */ = {
			isa = PBXGroup;
			children = (
				1E5242822467F8F1008A5B03 /* Renshu2.storyboard */,
				1E5242842467FAAB008A5B03 /* Renshu2ViewController.swift */,
			);
			path = Renshu2;
			sourceTree = "<group>";
		};
		1E868D5F245E58BC001B183B /* AboutClass */ = {
			isa = PBXGroup;
			children = (
				1E868D65245E5C2E001B183B /* AboutClass.storyboard */,
				1E868D64245E5C2E001B183B /* AppClassViewController.swift */,
			);
			path = AboutClass;
			sourceTree = "<group>";
		};
		1E91CCEF245BC2F400CBD37B = {
			isa = PBXGroup;
			children = (
				1E91CCFA245BC2F500CBD37B /* SampleSource2020 */,
				1E91CD0F245BC2F700CBD37B /* SampleSource2020Tests */,
				1E91CD1A245BC2F700CBD37B /* SampleSource2020UITests */,
				1E91CCF9245BC2F500CBD37B /* Products */,
			);
			sourceTree = "<group>";
		};
		1E91CCF9245BC2F500CBD37B /* Products */ = {
			isa = PBXGroup;
			children = (
				1E91CCF8245BC2F500CBD37B /* SampleSource2020.app */,
				1E91CD0C245BC2F700CBD37B /* SampleSource2020Tests.xctest */,
				1E91CD17245BC2F700CBD37B /* SampleSource2020UITests.xctest */,
			);
			name = Products;
			sourceTree = "<group>";
		};
		1E91CCFA245BC2F500CBD37B /* SampleSource2020 */ = {
			isa = PBXGroup;
			children = (
				1E999C20245D3FBD00E545E8 /* Screens */,
				1E91CCFB245BC2F500CBD37B /* AppDelegate.swift */,
				1E91CCFF245BC2F500CBD37B /* Main.storyboard */,
				1E91CD02245BC2F700CBD37B /* Assets.xcassets */,
				1E91CD04245BC2F700CBD37B /* LaunchScreen.storyboard */,
				1E91CD07245BC2F700CBD37B /* Info.plist */,
			);
			path = SampleSource2020;
			sourceTree = "<group>";
		};
		1E91CD0F245BC2F700CBD37B /* SampleSource2020Tests */ = {
			isa = PBXGroup;
			children = (
				1E91CD10245BC2F700CBD37B /* SampleSource2020Tests.swift */,
				1E91CD12245BC2F700CBD37B /* Info.plist */,
			);
			path = SampleSource2020Tests;
			sourceTree = "<group>";
		};
		1E91CD1A245BC2F700CBD37B /* SampleSource2020UITests */ = {
			isa = PBXGroup;
			children = (
				1E91CD1B245BC2F700CBD37B /* SampleSource2020UITests.swift */,
				1E91CD1D245BC2F700CBD37B /* Info.plist */,
			);
			path = SampleSource2020UITests;
			sourceTree = "<group>";
		};
		1E999C20245D3FBD00E545E8 /* Screens */ = {
			isa = PBXGroup;
			children = (
				65CBA97724779F7D009684AC /* AboutSegueRyodan */,
				1E35A21E24778E3A00F26B2D /* AboutSegue */,
				65CBA96C2473D8BE009684AC /* Magazines2 */,
				1EDFC0AC2471680000D2E96B /* Magazines */,
				1ED60257246BD2F500E85CAB /* Renshu3 */,
				1ED60252246B8CC200E85CAB /* AboutDictionary */,
				1ED6024D2469480200E85CAB /* AboutSection1 */,
				1E5242812467F8DD008A5B03 /* Renshu2 */,
				1E1B9592246430AC00EF6C5C /* Renshu1 */,
				1E48E59A24637BC9005DA816 /* AboutFunction3 */,
				1E0307FE24624A7D007F0824 /* AboutFunction2 */,
				1EFD4F6D24608D02004ED092 /* AboutFunction */,
				1EBA5CC52460240500C8FB5B /* AboutDatePicker */,
				1E868D5F245E58BC001B183B /* AboutClass */,
				1EB411A9245D49B7003A13EF /* AboutButton */,
				1E999C21245D400C00E545E8 /* Top */,
			);
			path = Screens;
			sourceTree = "<group>";
		};
		1E999C21245D400C00E545E8 /* Top */ = {
			isa = PBXGroup;
			children = (
				1E999C24245D414700E545E8 /* Top.storyboard */,
				1E91CCFD245BC2F500CBD37B /* TopViewController.swift */,
				1E999C22245D405C00E545E8 /* TopTableViewCell.swift */,
			);
			path = Top;
			sourceTree = "<group>";
		};
		1EB411A9245D49B7003A13EF /* AboutButton */ = {
			isa = PBXGroup;
			children = (
				1EB411AA245D49DE003A13EF /* AboutButton.storyboard */,
				1EB411AC245D4A1B003A13EF /* AboutButtonViewController.swift */,
			);
			path = AboutButton;
			sourceTree = "<group>";
		};
		1EBA5CC52460240500C8FB5B /* AboutDatePicker */ = {
			isa = PBXGroup;
			children = (
				1EBA5CC62460242800C8FB5B /* AboutDatePicker.storyboard */,
				1EBA5CC82460243800C8FB5B /* AboutDatePickerViewController.swift */,
			);
			path = AboutDatePicker;
			sourceTree = "<group>";
		};
		1ED6024D2469480200E85CAB /* AboutSection1 */ = {
			isa = PBXGroup;
			children = (
				1ED6024E2469483600E85CAB /* AboutSection1.storyboard */,
				1ED602502469484500E85CAB /* AboutSection1ViewController.swift */,
			);
			path = AboutSection1;
			sourceTree = "<group>";
		};
		1ED60252246B8CC200E85CAB /* AboutDictionary */ = {
			isa = PBXGroup;
			children = (
				1ED60253246B8CFD00E85CAB /* AboutDictionary.storyboard */,
				1ED60255246B8D0500E85CAB /* AboutDictionaryViewController.swift */,
			);
			path = AboutDictionary;
			sourceTree = "<group>";
		};
		1ED60257246BD2F500E85CAB /* Renshu3 */ = {
			isa = PBXGroup;
			children = (
				1ED60258246BD31200E85CAB /* Renshu3.storyboard */,
				1ED6025A246BD33100E85CAB /* Renshu3ViewController.swift */,
				65CBA964246E9974009684AC /* Renshu3TableViewCell.swift */,
			);
			path = Renshu3;
			sourceTree = "<group>";
		};
		1EDFC0AC2471680000D2E96B /* Magazines */ = {
			isa = PBXGroup;
			children = (
				1EDFC0AD2471683200D2E96B /* Magazines.storyboard */,
				1EDFC0AF2471685700D2E96B /* MagazinesViewController.swift */,
				65CBA9662472434B009684AC /* MagazinesTableViewCell.swift */,
				65CBA96824725931009684AC /* MagazineHeaderTableViewCell.swift */,
				653E4DB6246AA2E100F6D0AE /* AboutSection2 */,
			);
			path = Magazines;
			sourceTree = "<group>";
		};
		1EFD4F6D24608D02004ED092 /* AboutFunction */ = {
			isa = PBXGroup;
			children = (
				1EFD4F6E2461022E004ED092 /* AboutFunction.storyboard */,
				1EFD4F7024610240004ED092 /* AboutFunctionViewController.swift */,
			);
			path = AboutFunction;
			sourceTree = "<group>";
		};
		653E4DB6246AA2E100F6D0AE /* AboutSection2 */ = {
			isa = PBXGroup;
			children = (
				653E4DB9246AA32300F6D0AE /* AboutSection2.storyboard */,
				653E4DB7246AA30000F6D0AE /* AboutSection2ViewController.swift */,
			);
			path = AboutSection2;
			sourceTree = "<group>";
		};
		65CBA96C2473D8BE009684AC /* Magazines2 */ = {
			isa = PBXGroup;
			children = (
				65CBA9732473D9FF009684AC /* Magazines2.storyboard */,
				65CBA96D2473D92E009684AC /* MagazinesViewController2.swift */,
				65CBA96F2473D984009684AC /* MagazinesTableViewCell2.swift */,
				65CBA9712473D9BD009684AC /* MagazinesHeaderTableViewCell2.swift */,
				65CBA97524768629009684AC /* WebViewController.swift */,
			);
			path = Magazines2;
			sourceTree = "<group>";
		};
		65CBA97724779F7D009684AC /* AboutSegueRyodan */ = {
			isa = PBXGroup;
			children = (
				65CBA9782477A8B1009684AC /* Ryodan.storyboard */,
				65CBA97A2477A8FB009684AC /* KumoViewController.swift */,
				65CBA97C2477A91F009684AC /* DaninViewController.swift */,
			);
			path = AboutSegueRyodan;
			sourceTree = "<group>";
		};
/* End PBXGroup section */

/* Begin PBXNativeTarget section */
		1E91CCF7245BC2F500CBD37B /* SampleSource2020 */ = {
			isa = PBXNativeTarget;
			buildConfigurationList = 1E91CD20245BC2F700CBD37B /* Build configuration list for PBXNativeTarget "SampleSource2020" */;
			buildPhases = (
				1E91CCF4245BC2F500CBD37B /* Sources */,
				1E91CCF5245BC2F500CBD37B /* Frameworks */,
				1E91CCF6245BC2F500CBD37B /* Resources */,
			);
			buildRules = (
			);
			dependencies = (
			);
			name = SampleSource2020;
			productName = SampleSource2020;
			productReference = 1E91CCF8245BC2F500CBD37B /* SampleSource2020.app */;
			productType = "com.apple.product-type.application";
		};
		1E91CD0B245BC2F700CBD37B /* SampleSource2020Tests */ = {
			isa = PBXNativeTarget;
			buildConfigurationList = 1E91CD23245BC2F700CBD37B /* Build configuration list for PBXNativeTarget "SampleSource2020Tests" */;
			buildPhases = (
				1E91CD08245BC2F700CBD37B /* Sources */,
				1E91CD09245BC2F700CBD37B /* Frameworks */,
				1E91CD0A245BC2F700CBD37B /* Resources */,
			);
			buildRules = (
			);
			dependencies = (
				1E91CD0E245BC2F700CBD37B /* PBXTargetDependency */,
			);
			name = SampleSource2020Tests;
			productName = SampleSource2020Tests;
			productReference = 1E91CD0C245BC2F700CBD37B /* SampleSource2020Tests.xctest */;
			productType = "com.apple.product-type.bundle.unit-test";
		};
		1E91CD16245BC2F700CBD37B /* SampleSource2020UITests */ = {
			isa = PBXNativeTarget;
			buildConfigurationList = 1E91CD26245BC2F700CBD37B /* Build configuration list for PBXNativeTarget "SampleSource2020UITests" */;
			buildPhases = (
				1E91CD13245BC2F700CBD37B /* Sources */,
				1E91CD14245BC2F700CBD37B /* Frameworks */,
				1E91CD15245BC2F700CBD37B /* Resources */,
			);
			buildRules = (
			);
			dependencies = (
				1E91CD19245BC2F700CBD37B /* PBXTargetDependency */,
			);
			name = SampleSource2020UITests;
			productName = SampleSource2020UITests;
			productReference = 1E91CD17245BC2F700CBD37B /* SampleSource2020UITests.xctest */;
			productType = "com.apple.product-type.bundle.ui-testing";
		};
/* End PBXNativeTarget section */

/* Begin PBXProject section */
		1E91CCF0245BC2F500CBD37B /* Project object */ = {
			isa = PBXProject;
			attributes = {
				LastSwiftUpdateCheck = 1030;
				LastUpgradeCheck = 1030;
				TargetAttributes = {
					1E91CCF7245BC2F500CBD37B = {
						CreatedOnToolsVersion = 10.3;
					};
					1E91CD0B245BC2F700CBD37B = {
						CreatedOnToolsVersion = 10.3;
						TestTargetID = 1E91CCF7245BC2F500CBD37B;
					};
					1E91CD16245BC2F700CBD37B = {
						CreatedOnToolsVersion = 10.3;
						TestTargetID = 1E91CCF7245BC2F500CBD37B;
					};
				};
			};
			buildConfigurationList = 1E91CCF3245BC2F500CBD37B /* Build configuration list for PBXProject "SampleSource2020" */;
			compatibilityVersion = "Xcode 9.3";
			developmentRegion = en;
			hasScannedForEncodings = 0;
			knownRegions = (
				en,
				Base,
			);
			mainGroup = 1E91CCEF245BC2F400CBD37B;
			productRefGroup = 1E91CCF9245BC2F500CBD37B /* Products */;
			projectDirPath = "";
			projectRoot = "";
			targets = (
				1E91CCF7245BC2F500CBD37B /* SampleSource2020 */,
				1E91CD0B245BC2F700CBD37B /* SampleSource2020Tests */,
				1E91CD16245BC2F700CBD37B /* SampleSource2020UITests */,
			);
		};
/* End PBXProject section */

/* Begin PBXResourcesBuildPhase section */
		1E91CCF6245BC2F500CBD37B /* Resources */ = {
			isa = PBXResourcesBuildPhase;
			buildActionMask = 2147483647;
			files = (
				1E5242832467F8F1008A5B03 /* Renshu2.storyboard in Resources */,
				1ED60259246BD31200E85CAB /* Renshu3.storyboard in Resources */,
				1E35A22024778E4B00F26B2D /* AboutSegue.storyboard in Resources */,
				1E48E59C24637BDB005DA816 /* AboutFunction3.storyboard in Resources */,
				1EFD4F6F2461022E004ED092 /* AboutFunction.storyboard in Resources */,
				65CBA9742473D9FF009684AC /* Magazines2.storyboard in Resources */,
				1EBA5CC72460242800C8FB5B /* AboutDatePicker.storyboard in Resources */,
				1E1B9594246430C500EF6C5C /* Renshu1.storyboard in Resources */,
				1EB411AB245D49DE003A13EF /* AboutButton.storyboard in Resources */,
				1E868D67245E5C2E001B183B /* AboutClass.storyboard in Resources */,
				1ED60254246B8CFD00E85CAB /* AboutDictionary.storyboard in Resources */,
				1E999C25245D414700E545E8 /* Top.storyboard in Resources */,
				1E91CD06245BC2F700CBD37B /* LaunchScreen.storyboard in Resources */,
				65CBA9792477A8B1009684AC /* Ryodan.storyboard in Resources */,
				653E4DBA246AA32300F6D0AE /* AboutSection2.storyboard in Resources */,
				1ED6024F2469483600E85CAB /* AboutSection1.storyboard in Resources */,
				1E91CD03245BC2F700CBD37B /* Assets.xcassets in Resources */,
				1E91CD01245BC2F500CBD37B /* Main.storyboard in Resources */,
				1E03080024624A8F007F0824 /* AboutFunction2.storyboard in Resources */,
				1EDFC0AE2471683200D2E96B /* Magazines.storyboard in Resources */,
			);
			runOnlyForDeploymentPostprocessing = 0;
		};
		1E91CD0A245BC2F700CBD37B /* Resources */ = {
			isa = PBXResourcesBuildPhase;
			buildActionMask = 2147483647;
			files = (
			);
			runOnlyForDeploymentPostprocessing = 0;
		};
		1E91CD15245BC2F700CBD37B /* Resources */ = {
			isa = PBXResourcesBuildPhase;
			buildActionMask = 2147483647;
			files = (
			);
			runOnlyForDeploymentPostprocessing = 0;
		};
/* End PBXResourcesBuildPhase section */

/* Begin PBXSourcesBuildPhase section */
		1E91CCF4245BC2F500CBD37B /* Sources */ = {
			isa = PBXSourcesBuildPhase;
			buildActionMask = 2147483647;
			files = (
				65CBA965246E9974009684AC /* Renshu3TableViewCell.swift in Sources */,
				1EBA5CC92460243800C8FB5B /* AboutDatePickerViewController.swift in Sources */,
				653E4DB8246AA30000F6D0AE /* AboutSection2ViewController.swift in Sources */,
				65CBA9672472434B009684AC /* MagazinesTableViewCell.swift in Sources */,
				65CBA97D2477A91F009684AC /* DaninViewController.swift in Sources */,
				1E48E59E24637BEE005DA816 /* AboutFunction3ViewController.swift in Sources */,
				1E35A22424778FFF00F26B2D /* AboutSegueNextViewController.swift in Sources */,
				1EB411AD245D4A1B003A13EF /* AboutButtonViewController.swift in Sources */,
				65CBA96E2473D92E009684AC /* MagazinesViewController2.swift in Sources */,
				1E91CCFE245BC2F500CBD37B /* TopViewController.swift in Sources */,
				65CBA9722473D9BD009684AC /* MagazinesHeaderTableViewCell2.swift in Sources */,
				1ED602512469484500E85CAB /* AboutSection1ViewController.swift in Sources */,
				1ED6025B246BD33100E85CAB /* Renshu3ViewController.swift in Sources */,
				1E03080224624A99007F0824 /* AboutFunction2ViewController.swift in Sources */,
				1E35A22224778E5600F26B2D /* AboutSegueViewController.swift in Sources */,
				65CBA96924725931009684AC /* MagazineHeaderTableViewCell.swift in Sources */,
				65CBA9702473D984009684AC /* MagazinesTableViewCell2.swift in Sources */,
				65CBA97624768629009684AC /* WebViewController.swift in Sources */,
				1E91CCFC245BC2F500CBD37B /* AppDelegate.swift in Sources */,
				1E5242852467FAAB008A5B03 /* Renshu2ViewController.swift in Sources */,
				1E999C23245D405C00E545E8 /* TopTableViewCell.swift in Sources */,
				1ED60256246B8D0500E85CAB /* AboutDictionaryViewController.swift in Sources */,
				1E1B9596246430D400EF6C5C /* Renshu1ViewController.swift in Sources */,
				65CBA97B2477A8FB009684AC /* KumoViewController.swift in Sources */,
				1EDFC0B02471685700D2E96B /* MagazinesViewController.swift in Sources */,
				1E868D66245E5C2E001B183B /* AppClassViewController.swift in Sources */,
				1EFD4F7124610240004ED092 /* AboutFunctionViewController.swift in Sources */,
			);
			runOnlyForDeploymentPostprocessing = 0;
		};
		1E91CD08245BC2F700CBD37B /* Sources */ = {
			isa = PBXSourcesBuildPhase;
			buildActionMask = 2147483647;
			files = (
				1E91CD11245BC2F700CBD37B /* SampleSource2020Tests.swift in Sources */,
			);
			runOnlyForDeploymentPostprocessing = 0;
		};
		1E91CD13245BC2F700CBD37B /* Sources */ = {
			isa = PBXSourcesBuildPhase;
			buildActionMask = 2147483647;
			files = (
				1E91CD1C245BC2F700CBD37B /* SampleSource2020UITests.swift in Sources */,
			);
			runOnlyForDeploymentPostprocessing = 0;
		};
/* End PBXSourcesBuildPhase section */

/* Begin PBXTargetDependency section */
		1E91CD0E245BC2F700CBD37B /* PBXTargetDependency */ = {
			isa = PBXTargetDependency;
			target = 1E91CCF7245BC2F500CBD37B /* SampleSource2020 */;
			targetProxy = 1E91CD0D245BC2F700CBD37B /* PBXContainerItemProxy */;
		};
		1E91CD19245BC2F700CBD37B /* PBXTargetDependency */ = {
			isa = PBXTargetDependency;
			target = 1E91CCF7245BC2F500CBD37B /* SampleSource2020 */;
			targetProxy = 1E91CD18245BC2F700CBD37B /* PBXContainerItemProxy */;
		};
/* End PBXTargetDependency section */

/* Begin PBXVariantGroup section */
		1E91CCFF245BC2F500CBD37B /* Main.storyboard */ = {
			isa = PBXVariantGroup;
			children = (
				1E91CD00245BC2F500CBD37B /* Base */,
			);
			name = Main.storyboard;
			sourceTree = "<group>";
		};
		1E91CD04245BC2F700CBD37B /* LaunchScreen.storyboard */ = {
			isa = PBXVariantGroup;
			children = (
				1E91CD05245BC2F700CBD37B /* Base */,
			);
			name = LaunchScreen.storyboard;
			sourceTree = "<group>";
		};
/* End PBXVariantGroup section */

/* Begin XCBuildConfiguration section */
		1E91CD1E245BC2F700CBD37B /* Debug */ = {
			isa = XCBuildConfiguration;
			buildSettings = {
				ALWAYS_SEARCH_USER_PATHS = NO;
				CLANG_ANALYZER_NONNULL = YES;
				CLANG_ANALYZER_NUMBER_OBJECT_CONVERSION = YES_AGGRESSIVE;
				CLANG_CXX_LANGUAGE_STANDARD = "gnu++14";
				CLANG_CXX_LIBRARY = "libc++";
				CLANG_ENABLE_MODULES = YES;
				CLANG_ENABLE_OBJC_ARC = YES;
				CLANG_ENABLE_OBJC_WEAK = YES;
				CLANG_WARN_BLOCK_CAPTURE_AUTORELEASING = YES;
				CLANG_WARN_BOOL_CONVERSION = YES;
				CLANG_WARN_COMMA = YES;
				CLANG_WARN_CONSTANT_CONVERSION = YES;
				CLANG_WARN_DEPRECATED_OBJC_IMPLEMENTATIONS = YES;
				CLANG_WARN_DIRECT_OBJC_ISA_USAGE = YES_ERROR;
				CLANG_WARN_DOCUMENTATION_COMMENTS = YES;
				CLANG_WARN_EMPTY_BODY = YES;
				CLANG_WARN_ENUM_CONVERSION = YES;
				CLANG_WARN_INFINITE_RECURSION = YES;
				CLANG_WARN_INT_CONVERSION = YES;
				CLANG_WARN_NON_LITERAL_NULL_CONVERSION = YES;
				CLANG_WARN_OBJC_IMPLICIT_RETAIN_SELF = YES;
				CLANG_WARN_OBJC_LITERAL_CONVERSION = YES;
				CLANG_WARN_OBJC_ROOT_CLASS = YES_ERROR;
				CLANG_WARN_RANGE_LOOP_ANALYSIS = YES;
				CLANG_WARN_STRICT_PROTOTYPES = YES;
				CLANG_WARN_SUSPICIOUS_MOVE = YES;
				CLANG_WARN_UNGUARDED_AVAILABILITY = YES_AGGRESSIVE;
				CLANG_WARN_UNREACHABLE_CODE = YES;
				CLANG_WARN__DUPLICATE_METHOD_MATCH = YES;
				CODE_SIGN_IDENTITY = "iPhone Developer";
				COPY_PHASE_STRIP = NO;
				DEBUG_INFORMATION_FORMAT = dwarf;
				ENABLE_STRICT_OBJC_MSGSEND = YES;
				ENABLE_TESTABILITY = YES;
				GCC_C_LANGUAGE_STANDARD = gnu11;
				GCC_DYNAMIC_NO_PIC = NO;
				GCC_NO_COMMON_BLOCKS = YES;
				GCC_OPTIMIZATION_LEVEL = 0;
				GCC_PREPROCESSOR_DEFINITIONS = (
					"DEBUG=1",
					"$(inherited)",
				);
				GCC_WARN_64_TO_32_BIT_CONVERSION = YES;
				GCC_WARN_ABOUT_RETURN_TYPE = YES_ERROR;
				GCC_WARN_UNDECLARED_SELECTOR = YES;
				GCC_WARN_UNINITIALIZED_AUTOS = YES_AGGRESSIVE;
				GCC_WARN_UNUSED_FUNCTION = YES;
				GCC_WARN_UNUSED_VARIABLE = YES;
				IPHONEOS_DEPLOYMENT_TARGET = 12.4;
				MTL_ENABLE_DEBUG_INFO = INCLUDE_SOURCE;
				MTL_FAST_MATH = YES;
				ONLY_ACTIVE_ARCH = YES;
				SDKROOT = iphoneos;
				SWIFT_ACTIVE_COMPILATION_CONDITIONS = DEBUG;
				SWIFT_OPTIMIZATION_LEVEL = "-Onone";
			};
			name = Debug;
		};
		1E91CD1F245BC2F700CBD37B /* Release */ = {
			isa = XCBuildConfiguration;
			buildSettings = {
				ALWAYS_SEARCH_USER_PATHS = NO;
				CLANG_ANALYZER_NONNULL = YES;
				CLANG_ANALYZER_NUMBER_OBJECT_CONVERSION = YES_AGGRESSIVE;
				CLANG_CXX_LANGUAGE_STANDARD = "gnu++14";
				CLANG_CXX_LIBRARY = "libc++";
				CLANG_ENABLE_MODULES = YES;
				CLANG_ENABLE_OBJC_ARC = YES;
				CLANG_ENABLE_OBJC_WEAK = YES;
				CLANG_WARN_BLOCK_CAPTURE_AUTORELEASING = YES;
				CLANG_WARN_BOOL_CONVERSION = YES;
				CLANG_WARN_COMMA = YES;
				CLANG_WARN_CONSTANT_CONVERSION = YES;
				CLANG_WARN_DEPRECATED_OBJC_IMPLEMENTATIONS = YES;
				CLANG_WARN_DIRECT_OBJC_ISA_USAGE = YES_ERROR;
				CLANG_WARN_DOCUMENTATION_COMMENTS = YES;
				CLANG_WARN_EMPTY_BODY = YES;
				CLANG_WARN_ENUM_CONVERSION = YES;
				CLANG_WARN_INFINITE_RECURSION = YES;
				CLANG_WARN_INT_CONVERSION = YES;
				CLANG_WARN_NON_LITERAL_NULL_CONVERSION = YES;
				CLANG_WARN_OBJC_IMPLICIT_RETAIN_SELF = YES;
				CLANG_WARN_OBJC_LITERAL_CONVERSION = YES;
				CLANG_WARN_OBJC_ROOT_CLASS = YES_ERROR;
				CLANG_WARN_RANGE_LOOP_ANALYSIS = YES;
				CLANG_WARN_STRICT_PROTOTYPES = YES;
				CLANG_WARN_SUSPICIOUS_MOVE = YES;
				CLANG_WARN_UNGUARDED_AVAILABILITY = YES_AGGRESSIVE;
				CLANG_WARN_UNREACHABLE_CODE = YES;
				CLANG_WARN__DUPLICATE_METHOD_MATCH = YES;
				CODE_SIGN_IDENTITY = "iPhone Developer";
				COPY_PHASE_STRIP = NO;
				DEBUG_INFORMATION_FORMAT = "dwarf-with-dsym";
				ENABLE_NS_ASSERTIONS = NO;
				ENABLE_STRICT_OBJC_MSGSEND = YES;
				GCC_C_LANGUAGE_STANDARD = gnu11;
				GCC_NO_COMMON_BLOCKS = YES;
				GCC_WARN_64_TO_32_BIT_CONVERSION = YES;
				GCC_WARN_ABOUT_RETURN_TYPE = YES_ERROR;
				GCC_WARN_UNDECLARED_SELECTOR = YES;
				GCC_WARN_UNINITIALIZED_AUTOS = YES_AGGRESSIVE;
				GCC_WARN_UNUSED_FUNCTION = YES;
				GCC_WARN_UNUSED_VARIABLE = YES;
				IPHONEOS_DEPLOYMENT_TARGET = 12.4;
				MTL_ENABLE_DEBUG_INFO = NO;
				MTL_FAST_MATH = YES;
				SDKROOT = iphoneos;
				SWIFT_COMPILATION_MODE = wholemodule;
				SWIFT_OPTIMIZATION_LEVEL = "-O";
				VALIDATE_PRODUCT = YES;
			};
			name = Release;
		};
		1E91CD21245BC2F700CBD37B /* Debug */ = {
			isa = XCBuildConfiguration;
			buildSettings = {
				ASSETCATALOG_COMPILER_APPICON_NAME = AppIcon;
				CODE_SIGN_IDENTITY = "Apple Development";
				CODE_SIGN_STYLE = Automatic;
				DEVELOPMENT_TEAM = B4Y472NUDL;
				INFOPLIST_FILE = SampleSource2020/Info.plist;
				LD_RUNPATH_SEARCH_PATHS = (
					"$(inherited)",
					"@executable_path/Frameworks",
				);
				PRODUCT_BUNDLE_IDENTIFIER = AliceSaito.SampleSource2020.SampleSource2020;
				PRODUCT_NAME = "$(TARGET_NAME)";
				PROVISIONING_PROFILE_SPECIFIER = "";
				SWIFT_VERSION = 5.0;
				TARGETED_DEVICE_FAMILY = "1,2";
			};
			name = Debug;
		};
		1E91CD22245BC2F700CBD37B /* Release */ = {
			isa = XCBuildConfiguration;
			buildSettings = {
				ASSETCATALOG_COMPILER_APPICON_NAME = AppIcon;
				CODE_SIGN_IDENTITY = "Apple Development";
				CODE_SIGN_STYLE = Automatic;
				DEVELOPMENT_TEAM = B4Y472NUDL;
				INFOPLIST_FILE = SampleSource2020/Info.plist;
				LD_RUNPATH_SEARCH_PATHS = (
					"$(inherited)",
					"@executable_path/Frameworks",
				);
				PRODUCT_BUNDLE_IDENTIFIER = AliceSaito.SampleSource2020.SampleSource2020;
				PRODUCT_NAME = "$(TARGET_NAME)";
				PROVISIONING_PROFILE_SPECIFIER = "";
				SWIFT_VERSION = 5.0;
				TARGETED_DEVICE_FAMILY = "1,2";
			};
			name = Release;
		};
		1E91CD24245BC2F700CBD37B /* Debug */ = {
			isa = XCBuildConfiguration;
			buildSettings = {
				ALWAYS_EMBED_SWIFT_STANDARD_LIBRARIES = YES;
				BUNDLE_LOADER = "$(TEST_HOST)";
				CODE_SIGN_STYLE = Automatic;
				INFOPLIST_FILE = SampleSource2020Tests/Info.plist;
				LD_RUNPATH_SEARCH_PATHS = (
					"$(inherited)",
					"@executable_path/Frameworks",
					"@loader_path/Frameworks",
				);
				PRODUCT_BUNDLE_IDENTIFIER = AliceSaito.SampleSource2020.SampleSource2020Tests;
				PRODUCT_NAME = "$(TARGET_NAME)";
				SWIFT_VERSION = 5.0;
				TARGETED_DEVICE_FAMILY = "1,2";
				TEST_HOST = "$(BUILT_PRODUCTS_DIR)/SampleSource2020.app/SampleSource2020";
			};
			name = Debug;
		};
		1E91CD25245BC2F700CBD37B /* Release */ = {
			isa = XCBuildConfiguration;
			buildSettings = {
				ALWAYS_EMBED_SWIFT_STANDARD_LIBRARIES = YES;
				BUNDLE_LOADER = "$(TEST_HOST)";
				CODE_SIGN_STYLE = Automatic;
				INFOPLIST_FILE = SampleSource2020Tests/Info.plist;
				LD_RUNPATH_SEARCH_PATHS = (
					"$(inherited)",
					"@executable_path/Frameworks",
					"@loader_path/Frameworks",
				);
				PRODUCT_BUNDLE_IDENTIFIER = AliceSaito.SampleSource2020.SampleSource2020Tests;
				PRODUCT_NAME = "$(TARGET_NAME)";
				SWIFT_VERSION = 5.0;
				TARGETED_DEVICE_FAMILY = "1,2";
				TEST_HOST = "$(BUILT_PRODUCTS_DIR)/SampleSource2020.app/SampleSource2020";
			};
			name = Release;
		};
		1E91CD27245BC2F700CBD37B /* Debug */ = {
			isa = XCBuildConfiguration;
			buildSettings = {
				ALWAYS_EMBED_SWIFT_STANDARD_LIBRARIES = YES;
				CODE_SIGN_STYLE = Automatic;
				INFOPLIST_FILE = SampleSource2020UITests/Info.plist;
				LD_RUNPATH_SEARCH_PATHS = (
					"$(inherited)",
					"@executable_path/Frameworks",
					"@loader_path/Frameworks",
				);
				PRODUCT_BUNDLE_IDENTIFIER = AliceSaito.SampleSource2020.SampleSource2020UITests;
				PRODUCT_NAME = "$(TARGET_NAME)";
				SWIFT_VERSION = 5.0;
				TARGETED_DEVICE_FAMILY = "1,2";
				TEST_TARGET_NAME = SampleSource2020;
			};
			name = Debug;
		};
		1E91CD28245BC2F700CBD37B /* Release */ = {
			isa = XCBuildConfiguration;
			buildSettings = {
				ALWAYS_EMBED_SWIFT_STANDARD_LIBRARIES = YES;
				CODE_SIGN_STYLE = Automatic;
				INFOPLIST_FILE = SampleSource2020UITests/Info.plist;
				LD_RUNPATH_SEARCH_PATHS = (
					"$(inherited)",
					"@executable_path/Frameworks",
					"@loader_path/Frameworks",
				);
				PRODUCT_BUNDLE_IDENTIFIER = AliceSaito.SampleSource2020.SampleSource2020UITests;
				PRODUCT_NAME = "$(TARGET_NAME)";
				SWIFT_VERSION = 5.0;
				TARGETED_DEVICE_FAMILY = "1,2";
				TEST_TARGET_NAME = SampleSource2020;
			};
			name = Release;
		};
/* End XCBuildConfiguration section */

/* Begin XCConfigurationList section */
		1E91CCF3245BC2F500CBD37B /* Build configuration list for PBXProject "SampleSource2020" */ = {
			isa = XCConfigurationList;
			buildConfigurations = (
				1E91CD1E245BC2F700CBD37B /* Debug */,
				1E91CD1F245BC2F700CBD37B /* Release */,
			);
			defaultConfigurationIsVisible = 0;
			defaultConfigurationName = Release;
		};
		1E91CD20245BC2F700CBD37B /* Build configuration list for PBXNativeTarget "SampleSource2020" */ = {
			isa = XCConfigurationList;
			buildConfigurations = (
				1E91CD21245BC2F700CBD37B /* Debug */,
				1E91CD22245BC2F700CBD37B /* Release */,
			);
			defaultConfigurationIsVisible = 0;
			defaultConfigurationName = Release;
		};
		1E91CD23245BC2F700CBD37B /* Build configuration list for PBXNativeTarget "SampleSource2020Tests" */ = {
			isa = XCConfigurationList;
			buildConfigurations = (
				1E91CD24245BC2F700CBD37B /* Debug */,
				1E91CD25245BC2F700CBD37B /* Release */,
			);
			defaultConfigurationIsVisible = 0;
			defaultConfigurationName = Release;
		};
		1E91CD26245BC2F700CBD37B /* Build configuration list for PBXNativeTarget "SampleSource2020UITests" */ = {
			isa = XCConfigurationList;
			buildConfigurations = (
				1E91CD27245BC2F700CBD37B /* Debug */,
				1E91CD28245BC2F700CBD37B /* Release */,
			);
			defaultConfigurationIsVisible = 0;
			defaultConfigurationName = Release;
		};
/* End XCConfigurationList section */
	};
	rootObject = 1E91CCF0245BC2F500CBD37B /* Project object */;
}
